// !$*UTF8*$!
{
	archiveVersion = 1;
	classes = {
	};
	objectVersion = 46;
	objects = {

/* Begin PBXBuildFile section */
		C5DBFD3C1F4A13B6007D529B /* AppDelegate.swift in Sources */ = {isa = PBXBuildFile; fileRef = C5DBFD3B1F4A13B6007D529B /* AppDelegate.swift */; };
		C5DBFD3E1F4A13B6007D529B /* ViewController.swift in Sources */ = {isa = PBXBuildFile; fileRef = C5DBFD3D1F4A13B6007D529B /* ViewController.swift */; };
		C5DBFD401F4A13B6007D529B /* Assets.xcassets in Resources */ = {isa = PBXBuildFile; fileRef = C5DBFD3F1F4A13B6007D529B /* Assets.xcassets */; };
		C5DBFD431F4A13B6007D529B /* Main.storyboard in Resources */ = {isa = PBXBuildFile; fileRef = C5DBFD411F4A13B6007D529B /* Main.storyboard */; };
		C5DBFD4E1F4A13B6007D529B /* XcodeGitBExampleTests.swift in Sources */ = {isa = PBXBuildFile; fileRef = C5DBFD4D1F4A13B6007D529B /* XcodeGitBExampleTests.swift */; };
		C5DBFD591F4A13B6007D529B /* XcodeGitBExampleUITests.swift in Sources */ = {isa = PBXBuildFile; fileRef = C5DBFD581F4A13B6007D529B /* XcodeGitBExampleUITests.swift */; };
/* End PBXBuildFile section */

/* Begin PBXContainerItemProxy section */
		C5DBFD4A1F4A13B6007D529B /* PBXContainerItemProxy */ = {
			isa = PBXContainerItemProxy;
			containerPortal = C5DBFD301F4A13B6007D529B /* Project object */;
			proxyType = 1;
			remoteGlobalIDString = C5DBFD371F4A13B6007D529B;
			remoteInfo = XcodeGitBExample;
		};
		C5DBFD551F4A13B6007D529B /* PBXContainerItemProxy */ = {
			isa = PBXContainerItemProxy;
			containerPortal = C5DBFD301F4A13B6007D529B /* Project object */;
			proxyType = 1;
			remoteGlobalIDString = C5DBFD371F4A13B6007D529B;
			remoteInfo = XcodeGitBExample;
		};
/* End PBXContainerItemProxy section */

/* Begin PBXFileReference section */
		C5DBFD381F4A13B6007D529B /* XcodeGitBExample.app */ = {isa = PBXFileReference; explicitFileType = wrapper.application; includeInIndex = 0; path = XcodeGitBExample.app; sourceTree = BUILT_PRODUCTS_DIR; };
		C5DBFD3B1F4A13B6007D529B /* AppDelegate.swift */ = {isa = PBXFileReference; lastKnownFileType = sourcecode.swift; path = AppDelegate.swift; sourceTree = "<group>"; };
		C5DBFD3D1F4A13B6007D529B /* ViewController.swift */ = {isa = PBXFileReference; lastKnownFileType = sourcecode.swift; path = ViewController.swift; sourceTree = "<group>"; };
		C5DBFD3F1F4A13B6007D529B /* Assets.xcassets */ = {isa = PBXFileReference; lastKnownFileType = folder.assetcatalog; path = Assets.xcassets; sourceTree = "<group>"; };
		C5DBFD421F4A13B6007D529B /* Base */ = {isa = PBXFileReference; lastKnownFileType = file.storyboard; name = Base; path = Base.lproj/Main.storyboard; sourceTree = "<group>"; };
		C5DBFD441F4A13B6007D529B /* Info.plist */ = {isa = PBXFileReference; lastKnownFileType = text.plist.xml; path = Info.plist; sourceTree = "<group>"; };
		C5DBFD491F4A13B6007D529B /* XcodeGitBExampleTests.xctest */ = {isa = PBXFileReference; explicitFileType = wrapper.cfbundle; includeInIndex = 0; path = XcodeGitBExampleTests.xctest; sourceTree = BUILT_PRODUCTS_DIR; };
		C5DBFD4D1F4A13B6007D529B /* XcodeGitBExampleTests.swift */ = {isa = PBXFileReference; lastKnownFileType = sourcecode.swift; path = XcodeGitBExampleTests.swift; sourceTree = "<group>"; };
		C5DBFD4F1F4A13B6007D529B /* Info.plist */ = {isa = PBXFileReference; lastKnownFileType = text.plist.xml; path = Info.plist; sourceTree = "<group>"; };
		C5DBFD541F4A13B6007D529B /* XcodeGitBExampleUITests.xctest */ = {isa = PBXFileReference; explicitFileType = wrapper.cfbundle; includeInIndex = 0; path = XcodeGitBExampleUITests.xctest; sourceTree = BUILT_PRODUCTS_DIR; };
		C5DBFD581F4A13B6007D529B /* XcodeGitBExampleUITests.swift */ = {isa = PBXFileReference; lastKnownFileType = sourcecode.swift; path = XcodeGitBExampleUITests.swift; sourceTree = "<group>"; };
		C5DBFD5A1F4A13B6007D529B /* Info.plist */ = {isa = PBXFileReference; lastKnownFileType = text.plist.xml; path = Info.plist; sourceTree = "<group>"; };
/* End PBXFileReference section */

/* Begin PBXFrameworksBuildPhase section */
		C5DBFD351F4A13B6007D529B /* Frameworks */ = {
			isa = PBXFrameworksBuildPhase;
			buildActionMask = 2147483647;
			files = (
			);
			runOnlyForDeploymentPostprocessing = 0;
		};
		C5DBFD461F4A13B6007D529B /* Frameworks */ = {
			isa = PBXFrameworksBuildPhase;
			buildActionMask = 2147483647;
			files = (
			);
			runOnlyForDeploymentPostprocessing = 0;
		};
		C5DBFD511F4A13B6007D529B /* Frameworks */ = {
			isa = PBXFrameworksBuildPhase;
			buildActionMask = 2147483647;
			files = (
			);
			runOnlyForDeploymentPostprocessing = 0;
		};
/* End PBXFrameworksBuildPhase section */

/* Begin PBXGroup section */
		C5DBFD2F1F4A13B6007D529B = {
			isa = PBXGroup;
			children = (
				C5DBFD3A1F4A13B6007D529B /* XcodeGitBExample */,
				C5DBFD4C1F4A13B6007D529B /* XcodeGitBExampleTests */,
				C5DBFD571F4A13B6007D529B /* XcodeGitBExampleUITests */,
				C5DBFD391F4A13B6007D529B /* Products */,
			);
			sourceTree = "<group>";
		};
		C5DBFD391F4A13B6007D529B /* Products */ = {
			isa = PBXGroup;
			children = (
				C5DBFD381F4A13B6007D529B /* XcodeGitBExample.app */,
				C5DBFD491F4A13B6007D529B /* XcodeGitBExampleTests.xctest */,
				C5DBFD541F4A13B6007D529B /* XcodeGitBExampleUITests.xctest */,
			);
			name = Products;
			sourceTree = "<group>";
		};
		C5DBFD3A1F4A13B6007D529B /* XcodeGitBExample */ = {
			isa = PBXGroup;
			children = (
				C5DBFD3B1F4A13B6007D529B /* AppDelegate.swift */,
				C5DBFD3D1F4A13B6007D529B /* ViewController.swift */,
				C5DBFD3F1F4A13B6007D529B /* Assets.xcassets */,
				C5DBFD411F4A13B6007D529B /* Main.storyboard */,
				C5DBFD441F4A13B6007D529B /* Info.plist */,
			);
			path = XcodeGitBExample;
			sourceTree = "<group>";
		};
		C5DBFD4C1F4A13B6007D529B /* XcodeGitBExampleTests */ = {
			isa = PBXGroup;
			children = (
				C5DBFD4D1F4A13B6007D529B /* XcodeGitBExampleTests.swift */,
				C5DBFD4F1F4A13B6007D529B /* Info.plist */,
			);
			path = XcodeGitBExampleTests;
			sourceTree = "<group>";
		};
		C5DBFD571F4A13B6007D529B /* XcodeGitBExampleUITests */ = {
			isa = PBXGroup;
			children = (
				C5DBFD581F4A13B6007D529B /* XcodeGitBExampleUITests.swift */,
				C5DBFD5A1F4A13B6007D529B /* Info.plist */,
			);
			path = XcodeGitBExampleUITests;
			sourceTree = "<group>";
		};
/* End PBXGroup section */

/* Begin PBXNativeTarget section */
		C5DBFD371F4A13B6007D529B /* XcodeGitBExample */ = {
			isa = PBXNativeTarget;
			buildConfigurationList = C5DBFD5D1F4A13B6007D529B /* Build configuration list for PBXNativeTarget "XcodeGitBExample" */;
			buildPhases = (
				C5DBFD341F4A13B6007D529B /* Sources */,
				C5DBFD351F4A13B6007D529B /* Frameworks */,
				C5DBFD361F4A13B6007D529B /* Resources */,
			);
			buildRules = (
			);
			dependencies = (
			);
			name = XcodeGitBExample;
			productName = XcodeGitBExample;
			productReference = C5DBFD381F4A13B6007D529B /* XcodeGitBExample.app */;
			productType = "com.apple.product-type.application";
		};
		C5DBFD481F4A13B6007D529B /* XcodeGitBExampleTests */ = {
			isa = PBXNativeTarget;
			buildConfigurationList = C5DBFD601F4A13B6007D529B /* Build configuration list for PBXNativeTarget "XcodeGitBExampleTests" */;
			buildPhases = (
				C5DBFD451F4A13B6007D529B /* Sources */,
				C5DBFD461F4A13B6007D529B /* Frameworks */,
				C5DBFD471F4A13B6007D529B /* Resources */,
			);
			buildRules = (
			);
			dependencies = (
				C5DBFD4B1F4A13B6007D529B /* PBXTargetDependency */,
			);
			name = XcodeGitBExampleTests;
			productName = XcodeGitBExampleTests;
			productReference = C5DBFD491F4A13B6007D529B /* XcodeGitBExampleTests.xctest */;
			productType = "com.apple.product-type.bundle.unit-test";
		};
		C5DBFD531F4A13B6007D529B /* XcodeGitBExampleUITests */ = {
			isa = PBXNativeTarget;
			buildConfigurationList = C5DBFD631F4A13B6007D529B /* Build configuration list for PBXNativeTarget "XcodeGitBExampleUITests" */;
			buildPhases = (
				C5DBFD501F4A13B6007D529B /* Sources */,
				C5DBFD511F4A13B6007D529B /* Frameworks */,
				C5DBFD521F4A13B6007D529B /* Resources */,
			);
			buildRules = (
			);
			dependencies = (
				C5DBFD561F4A13B6007D529B /* PBXTargetDependency */,
			);
			name = XcodeGitBExampleUITests;
			productName = XcodeGitBExampleUITests;
			productReference = C5DBFD541F4A13B6007D529B /* XcodeGitBExampleUITests.xctest */;
			productType = "com.apple.product-type.bundle.ui-testing";
		};
/* End PBXNativeTarget section */

/* Begin PBXProject section */
		C5DBFD301F4A13B6007D529B /* Project object */ = {
			isa = PBXProject;
			attributes = {
				LastSwiftUpdateCheck = 0830;
				LastUpgradeCheck = 0830;
				ORGANIZATIONNAME = "Bill Sadd";
				TargetAttributes = {
					C5DBFD371F4A13B6007D529B = {
						CreatedOnToolsVersion = 8.3.3;
						ProvisioningStyle = Automatic;
					};
					C5DBFD481F4A13B6007D529B = {
						CreatedOnToolsVersion = 8.3.3;
						ProvisioningStyle = Automatic;
						TestTargetID = C5DBFD371F4A13B6007D529B;
					};
					C5DBFD531F4A13B6007D529B = {
						CreatedOnToolsVersion = 8.3.3;
						ProvisioningStyle = Automatic;
						TestTargetID = C5DBFD371F4A13B6007D529B;
					};
				};
			};
			buildConfigurationList = C5DBFD331F4A13B6007D529B /* Build configuration list for PBXProject "XcodeGitBExample" */;
			compatibilityVersion = "Xcode 3.2";
			developmentRegion = English;
			hasScannedForEncodings = 0;
			knownRegions = (
				en,
				Base,
			);
			mainGroup = C5DBFD2F1F4A13B6007D529B;
			productRefGroup = C5DBFD391F4A13B6007D529B /* Products */;
			projectDirPath = "";
			projectRoot = "";
			targets = (
				C5DBFD371F4A13B6007D529B /* XcodeGitBExample */,
				C5DBFD481F4A13B6007D529B /* XcodeGitBExampleTests */,
				C5DBFD531F4A13B6007D529B /* XcodeGitBExampleUITests */,
			);
		};
/* End PBXProject section */

/* Begin PBXResourcesBuildPhase section */
		C5DBFD361F4A13B6007D529B /* Resources */ = {
			isa = PBXResourcesBuildPhase;
			buildActionMask = 2147483647;
			files = (
				C5DBFD401F4A13B6007D529B /* Assets.xcassets in Resources */,
				C5DBFD431F4A13B6007D529B /* Main.storyboard in Resources */,
			);
			runOnlyForDeploymentPostprocessing = 0;
		};
		C5DBFD471F4A13B6007D529B /* Resources */ = {
			isa = PBXResourcesBuildPhase;
			buildActionMask = 2147483647;
			files = (
			);
			runOnlyForDeploymentPostprocessing = 0;
		};
		C5DBFD521F4A13B6007D529B /* Resources */ = {
			isa = PBXResourcesBuildPhase;
			buildActionMask = 2147483647;
			files = (
			);
			runOnlyForDeploymentPostprocessing = 0;
		};
/* End PBXResourcesBuildPhase section */

/* Begin PBXSourcesBuildPhase section */
		C5DBFD341F4A13B6007D529B /* Sources */ = {
			isa = PBXSourcesBuildPhase;
			buildActionMask = 2147483647;
			files = (
				C5DBFD3E1F4A13B6007D529B /* ViewController.swift in Sources */,
				C5DBFD3C1F4A13B6007D529B /* AppDelegate.swift in Sources */,
			);
			runOnlyForDeploymentPostprocessing = 0;
		};
		C5DBFD451F4A13B6007D529B /* Sources */ = {
			isa = PBXSourcesBuildPhase;
			buildActionMask = 2147483647;
			files = (
				C5DBFD4E1F4A13B6007D529B /* XcodeGitBExampleTests.swift in Sources */,
			);
			runOnlyForDeploymentPostprocessing = 0;
		};
		C5DBFD501F4A13B6007D529B /* Sources */ = {
			isa = PBXSourcesBuildPhase;
			buildActionMask = 2147483647;
			files = (
				C5DBFD591F4A13B6007D529B /* XcodeGitBExampleUITests.swift in Sources */,
			);
			runOnlyForDeploymentPostprocessing = 0;
		};
/* End PBXSourcesBuildPhase section */

/* Begin PBXTargetDependency section */
		C5DBFD4B1F4A13B6007D529B /* PBXTargetDependency */ = {
			isa = PBXTargetDependency;
			target = C5DBFD371F4A13B6007D529B /* XcodeGitBExample */;
			targetProxy = C5DBFD4A1F4A13B6007D529B /* PBXContainerItemProxy */;
		};
		C5DBFD561F4A13B6007D529B /* PBXTargetDependency */ = {
			isa = PBXTargetDependency;
			target = C5DBFD371F4A13B6007D529B /* XcodeGitBExample */;
			targetProxy = C5DBFD551F4A13B6007D529B /* PBXContainerItemProxy */;
		};
/* End PBXTargetDependency section */

/* Begin PBXVariantGroup section */
		C5DBFD411F4A13B6007D529B /* Main.storyboard */ = {
			isa = PBXVariantGroup;
			children = (
				C5DBFD421F4A13B6007D529B /* Base */,
			);
			name = Main.storyboard;
			sourceTree = "<group>";
		};
/* End PBXVariantGroup section */

/* Begin XCBuildConfiguration section */
		C5DBFD5B1F4A13B6007D529B /* Debug */ = {
			isa = XCBuildConfiguration;
			buildSettings = {
				ALWAYS_SEARCH_USER_PATHS = NO;
				CLANG_ANALYZER_NONNULL = YES;
				CLANG_ANALYZER_NUMBER_OBJECT_CONVERSION = YES_AGGRESSIVE;
				CLANG_CXX_LANGUAGE_STANDARD = "gnu++0x";
				CLANG_CXX_LIBRARY = "libc++";
				CLANG_ENABLE_MODULES = YES;
				CLANG_ENABLE_OBJC_ARC = YES;
				CLANG_WARN_BOOL_CONVERSION = YES;
				CLANG_WARN_CONSTANT_CONVERSION = YES;
				CLANG_WARN_DIRECT_OBJC_ISA_USAGE = YES_ERROR;
				CLANG_WARN_DOCUMENTATION_COMMENTS = YES;
				CLANG_WARN_EMPTY_BODY = YES;
				CLANG_WARN_ENUM_CONVERSION = YES;
				CLANG_WARN_INFINITE_RECURSION = YES;
				CLANG_WARN_INT_CONVERSION = YES;
				CLANG_WARN_OBJC_ROOT_CLASS = YES_ERROR;
				CLANG_WARN_SUSPICIOUS_MOVE = YES;
				CLANG_WARN_UNREACHABLE_CODE = YES;
				CLANG_WARN__DUPLICATE_METHOD_MATCH = YES;
				CODE_SIGN_IDENTITY = "-";
				COPY_PHASE_STRIP = NO;
				DEBUG_INFORMATION_FORMAT = dwarf;
				ENABLE_STRICT_OBJC_MSGSEND = YES;
				ENABLE_TESTABILITY = YES;
				GCC_C_LANGUAGE_STANDARD = gnu99;
				GCC_DYNAMIC_NO_PIC = NO;
				GCC_NO_COMMON_BLOCKS = YES;
				GCC_OPTIMIZATION_LEVEL = 0;
				GCC_PREPROCESSOR_DEFINITIONS = (
					"DEBUG=1",
					"$(inherited)",
				);
				GCC_WARN_64_TO_32_BIT_CONVERSION = YES;
				GCC_WARN_ABOUT_RETURN_TYPE = YES_ERROR;
				GCC_WARN_UNDECLARED_SELECTOR = YES;
				GCC_WARN_UNINITIALIZED_AUTOS = YES_AGGRESSIVE;
				GCC_WARN_UNUSED_FUNCTION = YES;
				GCC_WARN_UNUSED_VARIABLE = YES;
				MACOSX_DEPLOYMENT_TARGET = 10.12;
				MTL_ENABLE_DEBUG_INFO = YES;
				ONLY_ACTIVE_ARCH = YES;
				SDKROOT = macosx;
				SWIFT_ACTIVE_COMPILATION_CONDITIONS = DEBUG;
				SWIFT_OPTIMIZATION_LEVEL = "-Onone";
			};
			name = Debug;
		};
		C5DBFD5C1F4A13B6007D529B /* Release */ = {
			isa = XCBuildConfiguration;
			buildSettings = {
				ALWAYS_SEARCH_USER_PATHS = NO;
				CLANG_ANALYZER_NONNULL = YES;
				CLANG_ANALYZER_NUMBER_OBJECT_CONVERSION = YES_AGGRESSIVE;
				CLANG_CXX_LANGUAGE_STANDARD = "gnu++0x";
				CLANG_CXX_LIBRARY = "libc++";
				CLANG_ENABLE_MODULES = YES;
				CLANG_ENABLE_OBJC_ARC = YES;
				CLANG_WARN_BOOL_CONVERSION = YES;
				CLANG_WARN_CONSTANT_CONVERSION = YES;
				CLANG_WARN_DIRECT_OBJC_ISA_USAGE = YES_ERROR;
				CLANG_WARN_DOCUMENTATION_COMMENTS = YES;
				CLANG_WARN_EMPTY_BODY = YES;
				CLANG_WARN_ENUM_CONVERSION = YES;
				CLANG_WARN_INFINITE_RECURSION = YES;
				CLANG_WARN_INT_CONVERSION = YES;
				CLANG_WARN_OBJC_ROOT_CLASS = YES_ERROR;
				CLANG_WARN_SUSPICIOUS_MOVE = YES;
				CLANG_WARN_UNREACHABLE_CODE = YES;
				CLANG_WARN__DUPLICATE_METHOD_MATCH = YES;
				CODE_SIGN_IDENTITY = "-";
				COPY_PHASE_STRIP = NO;
				DEBUG_INFORMATION_FORMAT = "dwarf-with-dsym";
				ENABLE_NS_ASSERTIONS = NO;
				ENABLE_STRICT_OBJC_MSGSEND = YES;
				GCC_C_LANGUAGE_STANDARD = gnu99;
				GCC_NO_COMMON_BLOCKS = YES;
				GCC_WARN_64_TO_32_BIT_CONVERSION = YES;
				GCC_WARN_ABOUT_RETURN_TYPE = YES_ERROR;
				GCC_WARN_UNDECLARED_SELECTOR = YES;
				GCC_WARN_UNINITIALIZED_AUTOS = YES_AGGRESSIVE;
				GCC_WARN_UNUSED_FUNCTION = YES;
				GCC_WARN_UNUSED_VARIABLE = YES;
				MACOSX_DEPLOYMENT_TARGET = 10.12;
				MTL_ENABLE_DEBUG_INFO = NO;
				SDKROOT = macosx;
				SWIFT_OPTIMIZATION_LEVEL = "-Owholemodule";
			};
			name = Release;
		};
		C5DBFD5E1F4A13B6007D529B /* Debug */ = {
			isa = XCBuildConfiguration;
			buildSettings = {
				ASSETCATALOG_COMPILER_APPICON_NAME = AppIcon;
				COMBINE_HIDPI_IMAGES = YES;
				INFOPLIST_FILE = XcodeGitBExample/Info.plist;
				LD_RUNPATH_SEARCH_PATHS = "$(inherited) @executable_path/../Frameworks";
				PRODUCT_BUNDLE_IDENTIFIER = PeachTree.XcodeGitBExample;
				PRODUCT_NAME = "$(TARGET_NAME)";
				SWIFT_VERSION = 3.0;
			};
			name = Debug;
		};
		C5DBFD5F1F4A13B6007D529B /* Release */ = {
			isa = XCBuildConfiguration;
			buildSettings = {
				ASSETCATALOG_COMPILER_APPICON_NAME = AppIcon;
				COMBINE_HIDPI_IMAGES = YES;
				INFOPLIST_FILE = XcodeGitBExample/Info.plist;
				LD_RUNPATH_SEARCH_PATHS = "$(inherited) @executable_path/../Frameworks";
				PRODUCT_BUNDLE_IDENTIFIER = PeachTree.XcodeGitBExample;
				PRODUCT_NAME = "$(TARGET_NAME)";
				SWIFT_VERSION = 3.0;
			};
			name = Release;
		};
		C5DBFD611F4A13B6007D529B /* Debug */ = {
			isa = XCBuildConfiguration;
			buildSettings = {
				ALWAYS_EMBED_SWIFT_STANDARD_LIBRARIES = YES;
				BUNDLE_LOADER = "$(TEST_HOST)";
				COMBINE_HIDPI_IMAGES = YES;
				INFOPLIST_FILE = XcodeGitBExampleTests/Info.plist;
				LD_RUNPATH_SEARCH_PATHS = "$(inherited) @executable_path/../Frameworks @loader_path/../Frameworks";
				PRODUCT_BUNDLE_IDENTIFIER = PeachTree.XcodeGitBExampleTests;
				PRODUCT_NAME = "$(TARGET_NAME)";
				SWIFT_VERSION = 3.0;
				TEST_HOST = "$(BUILT_PRODUCTS_DIR)/XcodeGitBExample.app/Contents/MacOS/XcodeGitBExample";
			};
			name = Debug;
		};
		C5DBFD621F4A13B6007D529B /* Release */ = {
			isa = XCBuildConfiguration;
			buildSettings = {
				ALWAYS_EMBED_SWIFT_STANDARD_LIBRARIES = YES;
				BUNDLE_LOADER = "$(TEST_HOST)";
				COMBINE_HIDPI_IMAGES = YES;
				INFOPLIST_FILE = XcodeGitBExampleTests/Info.plist;
				LD_RUNPATH_SEARCH_PATHS = "$(inherited) @executable_path/../Frameworks @loader_path/../Frameworks";
				PRODUCT_BUNDLE_IDENTIFIER = PeachTree.XcodeGitBExampleTests;
				PRODUCT_NAME = "$(TARGET_NAME)";
				SWIFT_VERSION = 3.0;
				TEST_HOST = "$(BUILT_PRODUCTS_DIR)/XcodeGitBExample.app/Contents/MacOS/XcodeGitBExample";
			};
			name = Release;
		};
		C5DBFD641F4A13B6007D529B /* Debug */ = {
			isa = XCBuildConfiguration;
			buildSettings = {
				ALWAYS_EMBED_SWIFT_STANDARD_LIBRARIES = YES;
				COMBINE_HIDPI_IMAGES = YES;
				INFOPLIST_FILE = XcodeGitBExampleUITests/Info.plist;
				LD_RUNPATH_SEARCH_PATHS = "$(inherited) @executable_path/../Frameworks @loader_path/../Frameworks";
				PRODUCT_BUNDLE_IDENTIFIER = PeachTree.XcodeGitBExampleUITests;
				PRODUCT_NAME = "$(TARGET_NAME)";
				SWIFT_VERSION = 3.0;
				TEST_TARGET_NAME = XcodeGitBExample;
			};
			name = Debug;
		};
		C5DBFD651F4A13B6007D529B /* Release */ = {
			isa = XCBuildConfiguration;
			buildSettings = {
				ALWAYS_EMBED_SWIFT_STANDARD_LIBRARIES = YES;
				COMBINE_HIDPI_IMAGES = YES;
				INFOPLIST_FILE = XcodeGitBExampleUITests/Info.plist;
				LD_RUNPATH_SEARCH_PATHS = "$(inherited) @executable_path/../Frameworks @loader_path/../Frameworks";
				PRODUCT_BUNDLE_IDENTIFIER = PeachTree.XcodeGitBExampleUITests;
				PRODUCT_NAME = "$(TARGET_NAME)";
				SWIFT_VERSION = 3.0;
				TEST_TARGET_NAME = XcodeGitBExample;
			};
			name = Release;
		};
/* End XCBuildConfiguration section */

/* Begin XCConfigurationList section */
		C5DBFD331F4A13B6007D529B /* Build configuration list for PBXProject "XcodeGitBExample" */ = {
			isa = XCConfigurationList;
			buildConfigurations = (
				C5DBFD5B1F4A13B6007D529B /* Debug */,
				C5DBFD5C1F4A13B6007D529B /* Release */,
			);
			defaultConfigurationIsVisible = 0;
			defaultConfigurationName = Release;
		};
		C5DBFD5D1F4A13B6007D529B /* Build configuration list for PBXNativeTarget "XcodeGitBExample" */ = {
			isa = XCConfigurationList;
			buildConfigurations = (
				C5DBFD5E1F4A13B6007D529B /* Debug */,
				C5DBFD5F1F4A13B6007D529B /* Release */,
			);
			defaultConfigurationIsVisible = 0;
		};
		C5DBFD601F4A13B6007D529B /* Build configuration list for PBXNativeTarget "XcodeGitBExampleTests" */ = {
			isa = XCConfigurationList;
			buildConfigurations = (
				C5DBFD611F4A13B6007D529B /* Debug */,
				C5DBFD621F4A13B6007D529B /* Release */,
			);
			defaultConfigurationIsVisible = 0;
		};
		C5DBFD631F4A13B6007D529B /* Build configuration list for PBXNativeTarget "XcodeGitBExampleUITests" */ = {
			isa = XCConfigurationList;
			buildConfigurations = (
				C5DBFD641F4A13B6007D529B /* Debug */,
				C5DBFD651F4A13B6007D529B /* Release */,
			);
			defaultConfigurationIsVisible = 0;
		};
/* End XCConfigurationList section */
	};
	rootObject = C5DBFD301F4A13B6007D529B /* Project object */;
}
